
Microsoft Visual Studio Solution File, Format Version 12.00
# Visual Studio Version 17
VisualStudioVersion = 17.10.35013.160
MinimumVisualStudioVersion = 10.0.40219.1
Project("{FAE04EC0-301F-11D3-BF4B-00C04F79EFBC}") = "Task2", "Task2\Task2.csproj", "{A87F4CD2-6CC0-42E3-BC63-7A6CA1976E55}"
EndProject
Global
	GlobalSection(SolutionConfigurationPlatforms) = preSolution
		Debug|Any CPU = Debug|Any CPU
		Release|Any CPU = Release|Any CPU
	EndGlobalSection
	GlobalSection(ProjectConfigurationPlatforms) = postSolution
		{A87F4CD2-6CC0-42E3-BC63-7A6CA1976E55}.Debug|Any CPU.ActiveCfg = Debug|Any CPU
		{A87F4CD2-6CC0-42E3-BC63-7A6CA1976E55}.Debug|Any CPU.Build.0 = Debug|Any CPU
		{A87F4CD2-6CC0-42E3-BC63-7A6CA1976E55}.Release|Any CPU.ActiveCfg = Release|Any CPU
		{A87F4CD2-6CC0-42E3-BC63-7A6CA1976E55}.Release|Any CPU.Build.0 = Release|Any CPU
	EndGlobalSection
	GlobalSection(SolutionProperties) = preSolution
		HideSolutionNode = FALSE
	EndGlobalSection
	GlobalSection(ExtensibilityGlobals) = postSolution
		SolutionGuid = {99AB823B-8BA0-4F7C-9CAF-1C08F180F7C1}
	EndGlobalSection
EndGlobal
